
Microsoft Visual Studio Solution File, Format Version 12.00
# Visual Studio Version 17
VisualStudioVersion = 17.10.35013.160
MinimumVisualStudioVersion = 10.0.40219.1
Project("{FAE04EC0-301F-11D3-BF4B-00C04F79EFBC}") = "MatchingImage", "MatchingImage.csproj", "{9CF3A926-8BB6-4EF9-8EE7-2219A526A3E2}"
EndProject
Global
	GlobalSection(SolutionConfigurationPlatforms) = preSolution
		Debug|Any CPU = Debug|Any CPU
		Release|Any CPU = Release|Any CPU
	EndGlobalSection
	GlobalSection(ProjectConfigurationPlatforms) = postSolution
		{9CF3A926-8BB6-4EF9-8EE7-2219A526A3E2}.Debug|Any CPU.ActiveCfg = Debug|Any CPU
		{9CF3A926-8BB6-4EF9-8EE7-2219A526A3E2}.Debug|Any CPU.Build.0 = Debug|Any CPU
		{9CF3A926-8BB6-4EF9-8EE7-2219A526A3E2}.Debug|Any CPU.Deploy.0 = Debug|Any CPU
		{9CF3A926-8BB6-4EF9-8EE7-2219A526A3E2}.Release|Any CPU.ActiveCfg = Release|Any CPU
		{9CF3A926-8BB6-4EF9-8EE7-2219A526A3E2}.Release|Any CPU.Build.0 = Release|Any CPU
		{9CF3A926-8BB6-4EF9-8EE7-2219A526A3E2}.Release|Any CPU.Deploy.0 = Release|Any CPU
	EndGlobalSection
	GlobalSection(SolutionProperties) = preSolution
		HideSolutionNode = FALSE
	EndGlobalSection
	GlobalSection(ExtensibilityGlobals) = postSolution
		SolutionGuid = {37AFE374-378C-42D1-B33A-3629AE55654C}
	EndGlobalSection
EndGlobal
